
Microsoft Visual Studio Solution File, Format Version 12.00
Project("{FAE04EC0-301F-11D3-BF4B-00C04F79EFBC}") = "Request.Validation", "Request.Validation\Request.Validation.csproj", "{B64E9E87-E019-400F-B602-B4EBE6DC5897}"
EndProject
Project("{FAE04EC0-301F-11D3-BF4B-00C04F79EFBC}") = "Request.Validation.Tests", "Request.Validation.Tests\Request.Validation.Tests.csproj", "{1009A51A-40A5-4C13-A2E7-976179254120}"
EndProject
Global
	GlobalSection(SolutionConfigurationPlatforms) = preSolution
		Debug|Any CPU = Debug|Any CPU
		Release|Any CPU = Release|Any CPU
	EndGlobalSection
	GlobalSection(ProjectConfigurationPlatforms) = postSolution
		{B64E9E87-E019-400F-B602-B4EBE6DC5897}.Debug|Any CPU.ActiveCfg = Debug|Any CPU
		{B64E9E87-E019-400F-B602-B4EBE6DC5897}.Debug|Any CPU.Build.0 = Debug|Any CPU
		{B64E9E87-E019-400F-B602-B4EBE6DC5897}.Release|Any CPU.ActiveCfg = Release|Any CPU
		{B64E9E87-E019-400F-B602-B4EBE6DC5897}.Release|Any CPU.Build.0 = Release|Any CPU
		{1009A51A-40A5-4C13-A2E7-976179254120}.Debug|Any CPU.ActiveCfg = Debug|Any CPU
		{1009A51A-40A5-4C13-A2E7-976179254120}.Debug|Any CPU.Build.0 = Debug|Any CPU
		{1009A51A-40A5-4C13-A2E7-976179254120}.Release|Any CPU.ActiveCfg = Release|Any CPU
		{1009A51A-40A5-4C13-A2E7-976179254120}.Release|Any CPU.Build.0 = Release|Any CPU
	EndGlobalSection
EndGlobal
